
Microsoft Visual Studio Solution File, Format Version 12.00
# Visual Studio Version 17
VisualStudioVersion = 17.0.31903.59
MinimumVisualStudioVersion = 10.0.40219.1
Project("{FAE04EC0-301F-11D3-BF4B-00C04F79EFBC}") = "Wpm.Management.Domain", "Wpm.Management.Domain\Wpm.Management.Domain.csproj", "{6E8CC3ED-DD65-4902-AC68-C4628B675F70}"
EndProject
Project("{FAE04EC0-301F-11D3-BF4B-00C04F79EFBC}") = "Wpm.Management.Domain.Tests", "Wpm.Management.Domain.Tests\Wpm.Management.Domain.Tests.csproj", "{C534DFD6-3FDA-467E-A8BD-F3CF4D17651A}"
EndProject
Project("{2150E333-8FDC-42A3-9474-1A3956D46DE8}") = "Solution Items", "Solution Items", "{8EC462FD-D22E-90A8-E5CE-7E832BA40C5D}"
	ProjectSection(SolutionItems) = preProject
		.gitignore = .gitignore
	EndProjectSection
EndProject
Project("{FAE04EC0-301F-11D3-BF4B-00C04F79EFBC}") = "Wpm.Clinic.Domain", "Wpm.Clinic.Domainss\Wpm.Clinic.Domain.csproj", "{95A53683-7F57-4100-BD19-AF8617E4A279}"
EndProject
Project("{FAE04EC0-301F-11D3-BF4B-00C04F79EFBC}") = "Wpm.SharedKernel", "Wpm.SharedKerbel\Wpm.SharedKernel.csproj", "{9F288C3B-092D-4077-A175-08892840A2D3}"
EndProject
Project("{FAE04EC0-301F-11D3-BF4B-00C04F79EFBC}") = "Wpm.Clinic.Domain.Tests", "Wpm.Clinic.Domain.Tests\Wpm.Clinic.Domain.Tests.csproj", "{E44FD556-4B89-485B-BF5F-5CFC7CE5378A}"
EndProject
Project("{FAE04EC0-301F-11D3-BF4B-00C04F79EFBC}") = "Wpm.Infra.IoC", "Wpm.Infra.IoCc\Wpm.Infra.IoC.csproj", "{CDE9BB15-C987-4226-B921-625E8644F425}"
EndProject
Project("{FAE04EC0-301F-11D3-BF4B-00C04F79EFBC}") = "Wpm.Infra.Data", "Wpm.Infra.Data\Wpm.Infra.Data.csproj", "{18CC609A-9F92-493F-984F-AFE5A4CAB065}"
EndProject
Project("{FAE04EC0-301F-11D3-BF4B-00C04F79EFBC}") = "Wpm.Management.Api", "Wpm.Management.Api2\Wpm.Management.Api.csproj", "{B8BD9297-CDA7-4A47-AF6B-8630B46C773B}"
EndProject
Project("{FAE04EC0-301F-11D3-BF4B-00C04F79EFBC}") = "Wpm.Management.Application", "Wpm.Management.Application\Wpm.Management.Application.csproj", "{588BDFF0-CC32-43B2-A89F-7ABE64796C6C}"
EndProject
Project("{2150E333-8FDC-42A3-9474-1A3956D46DE8}") = "Services", "Services", "{02EA681E-C7D8-13C7-8484-4AC65E1B71E8}"
EndProject
Project("{2150E333-8FDC-42A3-9474-1A3956D46DE8}") = "Management", "Management", "{FC8AF37A-EE86-4105-B5BD-6D754D7DE128}"
EndProject
Project("{2150E333-8FDC-42A3-9474-1A3956D46DE8}") = "Clinic", "Clinic", "{A1F065F5-1740-4116-BD95-B654A72EE743}"
EndProject
Global
	GlobalSection(SolutionConfigurationPlatforms) = preSolution
		Debug|Any CPU = Debug|Any CPU
		Debug|x64 = Debug|x64
		Debug|x86 = Debug|x86
		Release|Any CPU = Release|Any CPU
		Release|x64 = Release|x64
		Release|x86 = Release|x86
	EndGlobalSection
	GlobalSection(ProjectConfigurationPlatforms) = postSolution
		{6E8CC3ED-DD65-4902-AC68-C4628B675F70}.Debug|Any CPU.ActiveCfg = Debug|Any CPU
		{6E8CC3ED-DD65-4902-AC68-C4628B675F70}.Debug|Any CPU.Build.0 = Debug|Any CPU
		{6E8CC3ED-DD65-4902-AC68-C4628B675F70}.Debug|x64.ActiveCfg = Debug|Any CPU
		{6E8CC3ED-DD65-4902-AC68-C4628B675F70}.Debug|x64.Build.0 = Debug|Any CPU
		{6E8CC3ED-DD65-4902-AC68-C4628B675F70}.Debug|x86.ActiveCfg = Debug|Any CPU
		{6E8CC3ED-DD65-4902-AC68-C4628B675F70}.Debug|x86.Build.0 = Debug|Any CPU
		{6E8CC3ED-DD65-4902-AC68-C4628B675F70}.Release|Any CPU.ActiveCfg = Release|Any CPU
		{6E8CC3ED-DD65-4902-AC68-C4628B675F70}.Release|Any CPU.Build.0 = Release|Any CPU
		{6E8CC3ED-DD65-4902-AC68-C4628B675F70}.Release|x64.ActiveCfg = Release|Any CPU
		{6E8CC3ED-DD65-4902-AC68-C4628B675F70}.Release|x64.Build.0 = Release|Any CPU
		{6E8CC3ED-DD65-4902-AC68-C4628B675F70}.Release|x86.ActiveCfg = Release|Any CPU
		{6E8CC3ED-DD65-4902-AC68-C4628B675F70}.Release|x86.Build.0 = Release|Any CPU
		{C534DFD6-3FDA-467E-A8BD-F3CF4D17651A}.Debug|Any CPU.ActiveCfg = Debug|Any CPU
		{C534DFD6-3FDA-467E-A8BD-F3CF4D17651A}.Debug|Any CPU.Build.0 = Debug|Any CPU
		{C534DFD6-3FDA-467E-A8BD-F3CF4D17651A}.Debug|x64.ActiveCfg = Debug|Any CPU
		{C534DFD6-3FDA-467E-A8BD-F3CF4D17651A}.Debug|x64.Build.0 = Debug|Any CPU
		{C534DFD6-3FDA-467E-A8BD-F3CF4D17651A}.Debug|x86.ActiveCfg = Debug|Any CPU
		{C534DFD6-3FDA-467E-A8BD-F3CF4D17651A}.Debug|x86.Build.0 = Debug|Any CPU
		{C534DFD6-3FDA-467E-A8BD-F3CF4D17651A}.Release|Any CPU.ActiveCfg = Release|Any CPU
		{C534DFD6-3FDA-467E-A8BD-F3CF4D17651A}.Release|Any CPU.Build.0 = Release|Any CPU
		{C534DFD6-3FDA-467E-A8BD-F3CF4D17651A}.Release|x64.ActiveCfg = Release|Any CPU
		{C534DFD6-3FDA-467E-A8BD-F3CF4D17651A}.Release|x64.Build.0 = Release|Any CPU
		{C534DFD6-3FDA-467E-A8BD-F3CF4D17651A}.Release|x86.ActiveCfg = Release|Any CPU
		{C534DFD6-3FDA-467E-A8BD-F3CF4D17651A}.Release|x86.Build.0 = Release|Any CPU
		{95A53683-7F57-4100-BD19-AF8617E4A279}.Debug|Any CPU.ActiveCfg = Debug|Any CPU
		{95A53683-7F57-4100-BD19-AF8617E4A279}.Debug|Any CPU.Build.0 = Debug|Any CPU
		{95A53683-7F57-4100-BD19-AF8617E4A279}.Debug|x64.ActiveCfg = Debug|Any CPU
		{95A53683-7F57-4100-BD19-AF8617E4A279}.Debug|x64.Build.0 = Debug|Any CPU
		{95A53683-7F57-4100-BD19-AF8617E4A279}.Debug|x86.ActiveCfg = Debug|Any CPU
		{95A53683-7F57-4100-BD19-AF8617E4A279}.Debug|x86.Build.0 = Debug|Any CPU
		{95A53683-7F57-4100-BD19-AF8617E4A279}.Release|Any CPU.ActiveCfg = Release|Any CPU
		{95A53683-7F57-4100-BD19-AF8617E4A279}.Release|Any CPU.Build.0 = Release|Any CPU
		{95A53683-7F57-4100-BD19-AF8617E4A279}.Release|x64.ActiveCfg = Release|Any CPU
		{95A53683-7F57-4100-BD19-AF8617E4A279}.Release|x64.Build.0 = Release|Any CPU
		{95A53683-7F57-4100-BD19-AF8617E4A279}.Release|x86.ActiveCfg = Release|Any CPU
		{95A53683-7F57-4100-BD19-AF8617E4A279}.Release|x86.Build.0 = Release|Any CPU
		{9F288C3B-092D-4077-A175-08892840A2D3}.Debug|Any CPU.ActiveCfg = Debug|Any CPU
		{9F288C3B-092D-4077-A175-08892840A2D3}.Debug|Any CPU.Build.0 = Debug|Any CPU
		{9F288C3B-092D-4077-A175-08892840A2D3}.Debug|x64.ActiveCfg = Debug|Any CPU
		{9F288C3B-092D-4077-A175-08892840A2D3}.Debug|x64.Build.0 = Debug|Any CPU
		{9F288C3B-092D-4077-A175-08892840A2D3}.Debug|x86.ActiveCfg = Debug|Any CPU
		{9F288C3B-092D-4077-A175-08892840A2D3}.Debug|x86.Build.0 = Debug|Any CPU
		{9F288C3B-092D-4077-A175-08892840A2D3}.Release|Any CPU.ActiveCfg = Release|Any CPU
		{9F288C3B-092D-4077-A175-08892840A2D3}.Release|Any CPU.Build.0 = Release|Any CPU
		{9F288C3B-092D-4077-A175-08892840A2D3}.Release|x64.ActiveCfg = Release|Any CPU
		{9F288C3B-092D-4077-A175-08892840A2D3}.Release|x64.Build.0 = Release|Any CPU
		{9F288C3B-092D-4077-A175-08892840A2D3}.Release|x86.ActiveCfg = Release|Any CPU
		{9F288C3B-092D-4077-A175-08892840A2D3}.Release|x86.Build.0 = Release|Any CPU
		{E44FD556-4B89-485B-BF5F-5CFC7CE5378A}.Debug|Any CPU.ActiveCfg = Debug|Any CPU
		{E44FD556-4B89-485B-BF5F-5CFC7CE5378A}.Debug|Any CPU.Build.0 = Debug|Any CPU
		{E44FD556-4B89-485B-BF5F-5CFC7CE5378A}.Debug|x64.ActiveCfg = Debug|Any CPU
		{E44FD556-4B89-485B-BF5F-5CFC7CE5378A}.Debug|x64.Build.0 = Debug|Any CPU
		{E44FD556-4B89-485B-BF5F-5CFC7CE5378A}.Debug|x86.ActiveCfg = Debug|Any CPU
		{E44FD556-4B89-485B-BF5F-5CFC7CE5378A}.Debug|x86.Build.0 = Debug|Any CPU
		{E44FD556-4B89-485B-BF5F-5CFC7CE5378A}.Release|Any CPU.ActiveCfg = Release|Any CPU
		{E44FD556-4B89-485B-BF5F-5CFC7CE5378A}.Release|Any CPU.Build.0 = Release|Any CPU
		{E44FD556-4B89-485B-BF5F-5CFC7CE5378A}.Release|x64.ActiveCfg = Release|Any CPU
		{E44FD556-4B89-485B-BF5F-5CFC7CE5378A}.Release|x64.Build.0 = Release|Any CPU
		{E44FD556-4B89-485B-BF5F-5CFC7CE5378A}.Release|x86.ActiveCfg = Release|Any CPU
		{E44FD556-4B89-485B-BF5F-5CFC7CE5378A}.Release|x86.Build.0 = Release|Any CPU
		{CDE9BB15-C987-4226-B921-625E8644F425}.Debug|Any CPU.ActiveCfg = Debug|Any CPU
		{CDE9BB15-C987-4226-B921-625E8644F425}.Debug|Any CPU.Build.0 = Debug|Any CPU
		{CDE9BB15-C987-4226-B921-625E8644F425}.Debug|x64.ActiveCfg = Debug|Any CPU
		{CDE9BB15-C987-4226-B921-625E8644F425}.Debug|x64.Build.0 = Debug|Any CPU
		{CDE9BB15-C987-4226-B921-625E8644F425}.Debug|x86.ActiveCfg = Debug|Any CPU
		{CDE9BB15-C987-4226-B921-625E8644F425}.Debug|x86.Build.0 = Debug|Any CPU
		{CDE9BB15-C987-4226-B921-625E8644F425}.Release|Any CPU.ActiveCfg = Release|Any CPU
		{CDE9BB15-C987-4226-B921-625E8644F425}.Release|Any CPU.Build.0 = Release|Any CPU
		{CDE9BB15-C987-4226-B921-625E8644F425}.Release|x64.ActiveCfg = Release|Any CPU
		{CDE9BB15-C987-4226-B921-625E8644F425}.Release|x64.Build.0 = Release|Any CPU
		{CDE9BB15-C987-4226-B921-625E8644F425}.Release|x86.ActiveCfg = Release|Any CPU
		{CDE9BB15-C987-4226-B921-625E8644F425}.Release|x86.Build.0 = Release|Any CPU
		{18CC609A-9F92-493F-984F-AFE5A4CAB065}.Debug|Any CPU.ActiveCfg = Debug|Any CPU
		{18CC609A-9F92-493F-984F-AFE5A4CAB065}.Debug|Any CPU.Build.0 = Debug|Any CPU
		{18CC609A-9F92-493F-984F-AFE5A4CAB065}.Debug|x64.ActiveCfg = Debug|Any CPU
		{18CC609A-9F92-493F-984F-AFE5A4CAB065}.Debug|x64.Build.0 = Debug|Any CPU
		{18CC609A-9F92-493F-984F-AFE5A4CAB065}.Debug|x86.ActiveCfg = Debug|Any CPU
		{18CC609A-9F92-493F-984F-AFE5A4CAB065}.Debug|x86.Build.0 = Debug|Any CPU
		{18CC609A-9F92-493F-984F-AFE5A4CAB065}.Release|Any CPU.ActiveCfg = Release|Any CPU
		{18CC609A-9F92-493F-984F-AFE5A4CAB065}.Release|Any CPU.Build.0 = Release|Any CPU
		{18CC609A-9F92-493F-984F-AFE5A4CAB065}.Release|x64.ActiveCfg = Release|Any CPU
		{18CC609A-9F92-493F-984F-AFE5A4CAB065}.Release|x64.Build.0 = Release|Any CPU
		{18CC609A-9F92-493F-984F-AFE5A4CAB065}.Release|x86.ActiveCfg = Release|Any CPU
		{18CC609A-9F92-493F-984F-AFE5A4CAB065}.Release|x86.Build.0 = Release|Any CPU
		{B8BD9297-CDA7-4A47-AF6B-8630B46C773B}.Debug|Any CPU.ActiveCfg = Debug|Any CPU
		{B8BD9297-CDA7-4A47-AF6B-8630B46C773B}.Debug|Any CPU.Build.0 = Debug|Any CPU
		{B8BD9297-CDA7-4A47-AF6B-8630B46C773B}.Debug|x64.ActiveCfg = Debug|Any CPU
		{B8BD9297-CDA7-4A47-AF6B-8630B46C773B}.Debug|x64.Build.0 = Debug|Any CPU
		{B8BD9297-CDA7-4A47-AF6B-8630B46C773B}.Debug|x86.ActiveCfg = Debug|Any CPU
		{B8BD9297-CDA7-4A47-AF6B-8630B46C773B}.Debug|x86.Build.0 = Debug|Any CPU
		{B8BD9297-CDA7-4A47-AF6B-8630B46C773B}.Release|Any CPU.ActiveCfg = Release|Any CPU
		{B8BD9297-CDA7-4A47-AF6B-8630B46C773B}.Release|Any CPU.Build.0 = Release|Any CPU
		{B8BD9297-CDA7-4A47-AF6B-8630B46C773B}.Release|x64.ActiveCfg = Release|Any CPU
		{B8BD9297-CDA7-4A47-AF6B-8630B46C773B}.Release|x64.Build.0 = Release|Any CPU
		{B8BD9297-CDA7-4A47-AF6B-8630B46C773B}.Release|x86.ActiveCfg = Release|Any CPU
		{B8BD9297-CDA7-4A47-AF6B-8630B46C773B}.Release|x86.Build.0 = Release|Any CPU
		{588BDFF0-CC32-43B2-A89F-7ABE64796C6C}.Debug|Any CPU.ActiveCfg = Debug|Any CPU
		{588BDFF0-CC32-43B2-A89F-7ABE64796C6C}.Debug|Any CPU.Build.0 = Debug|Any CPU
		{588BDFF0-CC32-43B2-A89F-7ABE64796C6C}.Debug|x64.ActiveCfg = Debug|Any CPU
		{588BDFF0-CC32-43B2-A89F-7ABE64796C6C}.Debug|x64.Build.0 = Debug|Any CPU
		{588BDFF0-CC32-43B2-A89F-7ABE64796C6C}.Debug|x86.ActiveCfg = Debug|Any CPU
		{588BDFF0-CC32-43B2-A89F-7ABE64796C6C}.Debug|x86.Build.0 = Debug|Any CPU
		{588BDFF0-CC32-43B2-A89F-7ABE64796C6C}.Release|Any CPU.ActiveCfg = Release|Any CPU
		{588BDFF0-CC32-43B2-A89F-7ABE64796C6C}.Release|Any CPU.Build.0 = Release|Any CPU
		{588BDFF0-CC32-43B2-A89F-7ABE64796C6C}.Release|x64.ActiveCfg = Release|Any CPU
		{588BDFF0-CC32-43B2-A89F-7ABE64796C6C}.Release|x64.Build.0 = Release|Any CPU
		{588BDFF0-CC32-43B2-A89F-7ABE64796C6C}.Release|x86.ActiveCfg = Release|Any CPU
		{588BDFF0-CC32-43B2-A89F-7ABE64796C6C}.Release|x86.Build.0 = Release|Any CPU
	EndGlobalSection
	GlobalSection(SolutionProperties) = preSolution
		HideSolutionNode = FALSE
	EndGlobalSection
	GlobalSection(NestedProjects) = preSolution
		{6E8CC3ED-DD65-4902-AC68-C4628B675F70} = {FC8AF37A-EE86-4105-B5BD-6D754D7DE128}
		{C534DFD6-3FDA-467E-A8BD-F3CF4D17651A} = {FC8AF37A-EE86-4105-B5BD-6D754D7DE128}
		{95A53683-7F57-4100-BD19-AF8617E4A279} = {A1F065F5-1740-4116-BD95-B654A72EE743}
		{E44FD556-4B89-485B-BF5F-5CFC7CE5378A} = {A1F065F5-1740-4116-BD95-B654A72EE743}
		{CDE9BB15-C987-4226-B921-625E8644F425} = {FC8AF37A-EE86-4105-B5BD-6D754D7DE128}
		{18CC609A-9F92-493F-984F-AFE5A4CAB065} = {FC8AF37A-EE86-4105-B5BD-6D754D7DE128}
		{B8BD9297-CDA7-4A47-AF6B-8630B46C773B} = {FC8AF37A-EE86-4105-B5BD-6D754D7DE128}
		{588BDFF0-CC32-43B2-A89F-7ABE64796C6C} = {FC8AF37A-EE86-4105-B5BD-6D754D7DE128}
		{FC8AF37A-EE86-4105-B5BD-6D754D7DE128} = {02EA681E-C7D8-13C7-8484-4AC65E1B71E8}
		{A1F065F5-1740-4116-BD95-B654A72EE743} = {02EA681E-C7D8-13C7-8484-4AC65E1B71E8}
	EndGlobalSection
	GlobalSection(ExtensibilityGlobals) = postSolution
		SolutionGuid = {A50B7BC8-A7B3-45E1-BACC-F7C8E26FCC81}
	EndGlobalSection
EndGlobal
